# THIS IS AN AUTOGENERATED FILE. DO NOT EDIT THIS FILE DIRECTLY.
# yarn lockfile v1


csstype@^3.1.0:
  version "3.1.1"
  resolved "https://registry.yarnpkg.com/csstype/-/csstype-3.1.1.tgz#841b532c45c758ee546a11d5bd7b7b473c8c30b9"
  integrity sha512-DJR/VvkAvSZW9bTouZue2sSxDwdTN92uHjqeKVm+0dAqdfNykRzQ95tay8aXMBAAPpUiq4Qcug2L7neoRh2Egw==

solid-js@^1.6.2:
  version "1.6.2"
  resolved "https://registry.yarnpkg.com/solid-js/-/solid-js-1.6.2.tgz#0030960cf697b3cad0cc9046f4e9388dcd2bc7d2"
  integrity sha512-AZBsj+Yn1xliniTTeuQKG9V7VQVkQ8lZmSKvBjpcVSoZeF7nvt/N5f7Kcsx6QSufioa2YgvBjkIiA0cM0qhotw==
  dependencies:
    csstype "^3.1.0"
